// !$*UTF8*$!
{
	archiveVersion = 1;
	classes = {
	};
	objectVersion = 46;
	objects = {

/* Begin PBXBuildFile section */
		7CE7BCF41C54845500D10421 /* AppDelegate.swift in Sources */ = {isa = PBXBuildFile; fileRef = 7CE7BCF31C54845500D10421 /* AppDelegate.swift */; };
		7CE7BCF91C54845500D10421 /* Main.storyboard in Resources */ = {isa = PBXBuildFile; fileRef = 7CE7BCF71C54845500D10421 /* Main.storyboard */; };
		7CE7BCFB1C54845500D10421 /* Assets.xcassets in Resources */ = {isa = PBXBuildFile; fileRef = 7CE7BCFA1C54845500D10421 /* Assets.xcassets */; };
		7CE7BCFE1C54845500D10421 /* LaunchScreen.storyboard in Resources */ = {isa = PBXBuildFile; fileRef = 7CE7BCFC1C54845500D10421 /* LaunchScreen.storyboard */; };
		7CE7BD051C5484E700D10421 /* ViewController.swift in Sources */ = {isa = PBXBuildFile; fileRef = 7CE7BCF51C54845500D10421 /* ViewController.swift */; };
/* End PBXBuildFile section */

/* Begin PBXFileReference section */
		7CE7BCF01C54845500D10421 /* ios-first-01.app */ = {isa = PBXFileReference; explicitFileType = wrapper.application; includeInIndex = 0; path = "ios-first-01.app"; sourceTree = BUILT_PRODUCTS_DIR; };
		7CE7BCF31C54845500D10421 /* AppDelegate.swift */ = {isa = PBXFileReference; lastKnownFileType = sourcecode.swift; path = AppDelegate.swift; sourceTree = "<group>"; };
		7CE7BCF51C54845500D10421 /* ViewController.swift */ = {isa = PBXFileReference; lastKnownFileType = sourcecode.swift; path = ViewController.swift; sourceTree = "<group>"; };
		7CE7BCF81C54845500D10421 /* Base */ = {isa = PBXFileReference; lastKnownFileType = file.storyboard; name = Base; path = Base.lproj/Main.storyboard; sourceTree = "<group>"; };
		7CE7BCFA1C54845500D10421 /* Assets.xcassets */ = {isa = PBXFileReference; lastKnownFileType = folder.assetcatalog; path = Assets.xcassets; sourceTree = "<group>"; };
		7CE7BCFD1C54845500D10421 /* Base */ = {isa = PBXFileReference; lastKnownFileType = file.storyboard; name = Base; path = Base.lproj/LaunchScreen.storyboard; sourceTree = "<group>"; };
		7CE7BCFF1C54845500D10421 /* Info.plist */ = {isa = PBXFileReference; lastKnownFileType = text.plist.xml; path = Info.plist; sourceTree = "<group>"; };
/* End PBXFileReference section */

/* Begin PBXFrameworksBuildPhase section */
		7CE7BCED1C54845500D10421 /* Frameworks */ = {
			isa = PBXFrameworksBuildPhase;
			buildActionMask = 2147483647;
			files = (
			);
			runOnlyForDeploymentPostprocessing = 0;
		};
/* End PBXFrameworksBuildPhase section */

/* Begin PBXGroup section */
		7CE7BCE71C54845500D10421 = {
			isa = PBXGroup;
			children = (
				7CE7BCF21C54845500D10421 /* ios-first-01 */,
				7CE7BCF11C54845500D10421 /* Products */,
			);
			sourceTree = "<group>";
		};
		7CE7BCF11C54845500D10421 /* Products */ = {
			isa = PBXGroup;
			children = (
				7CE7BCF01C54845500D10421 /* ios-first-01.app */,
			);
			name = Products;
			sourceTree = "<group>";
		};
		7CE7BCF21C54845500D10421 /* ios-first-01 */ = {
			isa = PBXGroup;
			children = (
				7CE7BCF31C54845500D10421 /* AppDelegate.swift */,
				7CE7BCF51C54845500D10421 /* ViewController.swift */,
				7CE7BCF71C54845500D10421 /* Main.storyboard */,
				7CE7BCFA1C54845500D10421 /* Assets.xcassets */,
				7CE7BCFC1C54845500D10421 /* LaunchScreen.storyboard */,
				7CE7BCFF1C54845500D10421 /* Info.plist */,
			);
			path = "ios-first-01";
			sourceTree = "<group>";
		};
/* End PBXGroup section */

/* Begin PBXNativeTarget section */
		7CE7BCEF1C54845500D10421 /* ios-first-01 */ = {
			isa = PBXNativeTarget;
			buildConfigurationList = 7CE7BD021C54845500D10421 /* Build configuration list for PBXNativeTarget "ios-first-01" */;
			buildPhases = (
				7CE7BCEC1C54845500D10421 /* Sources */,
				7CE7BCED1C54845500D10421 /* Frameworks */,
				7CE7BCEE1C54845500D10421 /* Resources */,
			);
			buildRules = (
			);
			dependencies = (
			);
			name = "ios-first-01";
			productName = "ios-first-01";
			productReference = 7CE7BCF01C54845500D10421 /* ios-first-01.app */;
			productType = "com.apple.product-type.application";
		};
/* End PBXNativeTarget section */

/* Begin PBXProject section */
		7CE7BCE81C54845500D10421 /* Project object */ = {
			isa = PBXProject;
			attributes = {
				LastSwiftUpdateCheck = 0720;
				LastUpgradeCheck = 0720;
				ORGANIZATIONNAME = Joseph;
				TargetAttributes = {
					7CE7BCEF1C54845500D10421 = {
						CreatedOnToolsVersion = 7.2;
					};
				};
			};
			buildConfigurationList = 7CE7BCEB1C54845500D10421 /* Build configuration list for PBXProject "ios-first-01" */;
			compatibilityVersion = "Xcode 3.2";
			developmentRegion = English;
			hasScannedForEncodings = 0;
			knownRegions = (
				en,
				Base,
			);
			mainGroup = 7CE7BCE71C54845500D10421;
			productRefGroup = 7CE7BCF11C54845500D10421 /* Products */;
			projectDirPath = "";
			projectRoot = "";
			targets = (
				7CE7BCEF1C54845500D10421 /* ios-first-01 */,
			);
		};
/* End PBXProject section */

/* Begin PBXResourcesBuildPhase section */
		7CE7BCEE1C54845500D10421 /* Resources */ = {
			isa = PBXResourcesBuildPhase;
			buildActionMask = 2147483647;
			files = (
				7CE7BCFE1C54845500D10421 /* LaunchScreen.storyboard in Resources */,
				7CE7BCFB1C54845500D10421 /* Assets.xcassets in Resources */,
				7CE7BCF91C54845500D10421 /* Main.storyboard in Resources */,
			);
			runOnlyForDeploymentPostprocessing = 0;
		};
/* End PBXResourcesBuildPhase section */

/* Begin PBXSourcesBuildPhase section */
		7CE7BCEC1C54845500D10421 /* Sources */ = {
			isa = PBXSourcesBuildPhase;
			buildActionMask = 2147483647;
			files = (
				7CE7BD051C5484E700D10421 /* ViewController.swift in Sources */,
				7CE7BCF41C54845500D10421 /* AppDelegate.swift in Sources */,
			);
			runOnlyForDeploymentPostprocessing = 0;
		};
/* End PBXSourcesBuildPhase section */

/* Begin PBXVariantGroup section */
		7CE7BCF71C54845500D10421 /* Main.storyboard */ = {
			isa = PBXVariantGroup;
			children = (
				7CE7BCF81C54845500D10421 /* Base */,
			);
			name = Main.storyboard;
			sourceTree = "<group>";
		};
		7CE7BCFC1C54845500D10421 /* LaunchScreen.storyboard */ = {
			isa = PBXVariantGroup;
			children = (
				7CE7BCFD1C54845500D10421 /* Base */,
			);
			name = LaunchScreen.storyboard;
			sourceTree = "<group>";
		};
/* End PBXVariantGroup section */

/* Begin XCBuildConfiguration section */
		7CE7BD001C54845500D10421 /* Debug */ = {
			isa = XCBuildConfiguration;
			buildSettings = {
				ALWAYS_SEARCH_USER_PATHS = NO;
				CLANG_CXX_LANGUAGE_STANDARD = "gnu++0x";
				CLANG_CXX_LIBRARY = "libc++";
				CLANG_ENABLE_MODULES = YES;
				CLANG_ENABLE_OBJC_ARC = YES;
				CLANG_WARN_BOOL_CONVERSION = YES;
				CLANG_WARN_CONSTANT_CONVERSION = YES;
				CLANG_WARN_DIRECT_OBJC_ISA_USAGE = YES_ERROR;
				CLANG_WARN_EMPTY_BODY = YES;
				CLANG_WARN_ENUM_CONVERSION = YES;
				CLANG_WARN_INT_CONVERSION = YES;
				CLANG_WARN_OBJC_ROOT_CLASS = YES_ERROR;
				CLANG_WARN_UNREACHABLE_CODE = YES;
				CLANG_WARN__DUPLICATE_METHOD_MATCH = YES;
				"CODE_SIGN_IDENTITY[sdk=iphoneos*]" = "iPhone Developer";
				COPY_PHASE_STRIP = NO;
				DEBUG_INFORMATION_FORMAT = dwarf;
				ENABLE_STRICT_OBJC_MSGSEND = YES;
				ENABLE_TESTABILITY = YES;
				GCC_C_LANGUAGE_STANDARD = gnu99;
				GCC_DYNAMIC_NO_PIC = NO;
				GCC_NO_COMMON_BLOCKS = YES;
				GCC_OPTIMIZATION_LEVEL = 0;
				GCC_PREPROCESSOR_DEFINITIONS = (
					"DEBUG=1",
					"$(inherited)",
				);
				GCC_WARN_64_TO_32_BIT_CONVERSION = YES;
				GCC_WARN_ABOUT_RETURN_TYPE = YES_ERROR;
				GCC_WARN_UNDECLARED_SELECTOR = YES;
				GCC_WARN_UNINITIALIZED_AUTOS = YES_AGGRESSIVE;
				GCC_WARN_UNUSED_FUNCTION = YES;
				GCC_WARN_UNUSED_VARIABLE = YES;
				IPHONEOS_DEPLOYMENT_TARGET = 9.2;
				MTL_ENABLE_DEBUG_INFO = YES;
				ONLY_ACTIVE_ARCH = YES;
				SDKROOT = iphoneos;
				SWIFT_OPTIMIZATION_LEVEL = "-Onone";
			};
			name = Debug;
		};
		7CE7BD011C54845500D10421 /* Release */ = {
			isa = XCBuildConfiguration;
			buildSettings = {
				ALWAYS_SEARCH_USER_PATHS = NO;
				CLANG_CXX_LANGUAGE_STANDARD = "gnu++0x";
				CLANG_CXX_LIBRARY = "libc++";
				CLANG_ENABLE_MODULES = YES;
				CLANG_ENABLE_OBJC_ARC = YES;
				CLANG_WARN_BOOL_CONVERSION = YES;
				CLANG_WARN_CONSTANT_CONVERSION = YES;
				CLANG_WARN_DIRECT_OBJC_ISA_USAGE = YES_ERROR;
				CLANG_WARN_EMPTY_BODY = YES;
				CLANG_WARN_ENUM_CONVERSION = YES;
				CLANG_WARN_INT_CONVERSION = YES;
				CLANG_WARN_OBJC_ROOT_CLASS = YES_ERROR;
				CLANG_WARN_UNREACHABLE_CODE = YES;
				CLANG_WARN__DUPLICATE_METHOD_MATCH = YES;
				"CODE_SIGN_IDENTITY[sdk=iphoneos*]" = "iPhone Developer";
				COPY_PHASE_STRIP = NO;
				DEBUG_INFORMATION_FORMAT = "dwarf-with-dsym";
				ENABLE_NS_ASSERTIONS = NO;
				ENABLE_STRICT_OBJC_MSGSEND = YES;
				GCC_C_LANGUAGE_STANDARD = gnu99;
				GCC_NO_COMMON_BLOCKS = YES;
				GCC_WARN_64_TO_32_BIT_CONVERSION = YES;
				GCC_WARN_ABOUT_RETURN_TYPE = YES_ERROR;
				GCC_WARN_UNDECLARED_SELECTOR = YES;
				GCC_WARN_UNINITIALIZED_AUTOS = YES_AGGRESSIVE;
				GCC_WARN_UNUSED_FUNCTION = YES;
				GCC_WARN_UNUSED_VARIABLE = YES;
				IPHONEOS_DEPLOYMENT_TARGET = 9.2;
				MTL_ENABLE_DEBUG_INFO = NO;
				SDKROOT = iphoneos;
				VALIDATE_PRODUCT = YES;
			};
			name = Release;
		};
		7CE7BD031C54845500D10421 /* Debug */ = {
			isa = XCBuildConfiguration;
			buildSettings = {
				ASSETCATALOG_COMPILER_APPICON_NAME = AppIcon;
				INFOPLIST_FILE = "ios-first-01/Info.plist";
				LD_RUNPATH_SEARCH_PATHS = "$(inherited) @executable_path/Frameworks";
				PRODUCT_BUNDLE_IDENTIFIER = "com.joseph-mm.ios-first-01";
				PRODUCT_NAME = "$(TARGET_NAME)";
			};
			name = Debug;
		};
		7CE7BD041C54845500D10421 /* Release */ = {
			isa = XCBuildConfiguration;
			buildSettings = {
				ASSETCATALOG_COMPILER_APPICON_NAME = AppIcon;
				INFOPLIST_FILE = "ios-first-01/Info.plist";
				LD_RUNPATH_SEARCH_PATHS = "$(inherited) @executable_path/Frameworks";
				PRODUCT_BUNDLE_IDENTIFIER = "com.joseph-mm.ios-first-01";
				PRODUCT_NAME = "$(TARGET_NAME)";
			};
			name = Release;
		};
/* End XCBuildConfiguration section */

/* Begin XCConfigurationList section */
		7CE7BCEB1C54845500D10421 /* Build configuration list for PBXProject "ios-first-01" */ = {
			isa = XCConfigurationList;
			buildConfigurations = (
				7CE7BD001C54845500D10421 /* Debug */,
				7CE7BD011C54845500D10421 /* Release */,
			);
			defaultConfigurationIsVisible = 0;
			defaultConfigurationName = Release;
		};
		7CE7BD021C54845500D10421 /* Build configuration list for PBXNativeTarget "ios-first-01" */ = {
			isa = XCConfigurationList;
			buildConfigurations = (
				7CE7BD031C54845500D10421 /* Debug */,
				7CE7BD041C54845500D10421 /* Release */,
			);
			defaultConfigurationIsVisible = 0;
		};
/* End XCConfigurationList section */
	};
	rootObject = 7CE7BCE81C54845500D10421 /* Project object */;
}
